
Microsoft Visual Studio Solution File, Format Version 12.00
# Visual Studio 15
VisualStudioVersion = 15.0.28010.2026
MinimumVisualStudioVersion = 10.0.40219.1
Project("{FAE04EC0-301F-11D3-BF4B-00C04F79EFBC}") = "MyFeedlyServer", "MyFeedlyServer\MyFeedlyServer.csproj", "{5F019685-4A3E-4A83-A110-C63C6930E191}"
EndProject
Project("{00D1A9C2-B5F0-4AF3-8072-F6C62B433612}") = "MyFeedlyDatabase", "MyFeedlyDatabase\MyFeedlyDatabase.sqlproj", "{0924249F-FA8B-4537-B3B3-4D11E446F457}"
EndProject
Global
	GlobalSection(SolutionConfigurationPlatforms) = preSolution
		Debug|Any CPU = Debug|Any CPU
		Release|Any CPU = Release|Any CPU
	EndGlobalSection
	GlobalSection(ProjectConfigurationPlatforms) = postSolution
		{5F019685-4A3E-4A83-A110-C63C6930E191}.Debug|Any CPU.ActiveCfg = Debug|Any CPU
		{5F019685-4A3E-4A83-A110-C63C6930E191}.Debug|Any CPU.Build.0 = Debug|Any CPU
		{5F019685-4A3E-4A83-A110-C63C6930E191}.Release|Any CPU.ActiveCfg = Release|Any CPU
		{5F019685-4A3E-4A83-A110-C63C6930E191}.Release|Any CPU.Build.0 = Release|Any CPU
		{0924249F-FA8B-4537-B3B3-4D11E446F457}.Debug|Any CPU.ActiveCfg = Debug|Any CPU
		{0924249F-FA8B-4537-B3B3-4D11E446F457}.Debug|Any CPU.Build.0 = Debug|Any CPU
		{0924249F-FA8B-4537-B3B3-4D11E446F457}.Debug|Any CPU.Deploy.0 = Debug|Any CPU
		{0924249F-FA8B-4537-B3B3-4D11E446F457}.Release|Any CPU.ActiveCfg = Release|Any CPU
		{0924249F-FA8B-4537-B3B3-4D11E446F457}.Release|Any CPU.Build.0 = Release|Any CPU
		{0924249F-FA8B-4537-B3B3-4D11E446F457}.Release|Any CPU.Deploy.0 = Release|Any CPU
	EndGlobalSection
	GlobalSection(SolutionProperties) = preSolution
		HideSolutionNode = FALSE
	EndGlobalSection
	GlobalSection(ExtensibilityGlobals) = postSolution
		SolutionGuid = {487DAB5D-F418-47A3-98BC-AE4B1A744620}
	EndGlobalSection
EndGlobal
